{
  "version": 1,
  "dependencies": {
    "net10.0": {
      "CalqFramework.Cli": {
        "type": "Direct",
        "requested": "[1.0.2, )",
        "resolved": "1.0.2",
        "contentHash": "QjnqgbMtL05ia/9dZJrwJhXABShDEpj/1Z6u1CwqB0lUvfMNEKO5SEMxphtHCCVVYR4Pz+mv6EXeijx6aTJgIA==",
        "dependencies": {
          "CalqFramework.DataAccess": "1.0.2"
        }
      },
      "CalqFramework.Cmd": {
        "type": "Transitive",
        "resolved": "1.0.3",
        "contentHash": "YMZvsdrvEfrBDnzPBlawMtn0p1clZk8Mzui4pA6ncCJiiVffxdjVurGiM1usVPaHOgkcXKtOwPy0b6r0fdz0Lw=="
      },
      "CalqFramework.DataAccess": {
        "type": "Transitive",
        "resolved": "1.0.2",
        "contentHash": "fzjUlaBVyZi6H066B0zjSCbtTLBtRtEqG+lbnZrIKfUQKH0JPM1kLIajz1P/K4wDB/ywwVH4K34z61X1cECDlw=="
      },
      "calqframework.relay": {
        "type": "Project",
        "dependencies": {
          "CalqFramework.Cli": "[1.0.2, )",
          "CalqFramework.Cmd": "[1.0.3, )"
        }
      }
    }
  }
}